// !$*UTF8*$!
{
	archiveVersion = 1;
	classes = {
	};
	objectVersion = 56;
	objects = {

/* Begin PBXBuildFile section */
		CC98623C2A61A65600CC3A8B /* WinView.swift in Sources */ = {isa = PBXBuildFile; fileRef = CC98623B2A61A65600CC3A8B /* WinView.swift */; };
		CC9ECBA62A5A21B000DC5C43 /* Prettier_WorldeApp.swift in Sources */ = {isa = PBXBuildFile; fileRef = CC9ECBA52A5A21B000DC5C43 /* Prettier_WorldeApp.swift */; };
		CC9ECBA82A5A21B000DC5C43 /* ContentView.swift in Sources */ = {isa = PBXBuildFile; fileRef = CC9ECBA72A5A21B000DC5C43 /* ContentView.swift */; };
		CC9ECBAA2A5A21B000DC5C43 /* Assets.xcassets in Resources */ = {isa = PBXBuildFile; fileRef = CC9ECBA92A5A21B000DC5C43 /* Assets.xcassets */; };
		CC9ECBAD2A5A21B000DC5C43 /* Preview Assets.xcassets in Resources */ = {isa = PBXBuildFile; fileRef = CC9ECBAC2A5A21B000DC5C43 /* Preview Assets.xcassets */; };
		CC9ECBB52A5A21E600DC5C43 /* KeysDataModel.swift in Sources */ = {isa = PBXBuildFile; fileRef = CC9ECBB42A5A21E600DC5C43 /* KeysDataModel.swift */; };
		CC9ECBB82A5A23A300DC5C43 /* KeyboardView.swift in Sources */ = {isa = PBXBuildFile; fileRef = CC9ECBB72A5A23A300DC5C43 /* KeyboardView.swift */; };
		CC9ECBBA2A5A27A100DC5C43 /* KeyButtonView.swift in Sources */ = {isa = PBXBuildFile; fileRef = CC9ECBB92A5A27A100DC5C43 /* KeyButtonView.swift */; };
		CC9ECBBC2A5B5DDF00DC5C43 /* ModifierButtonView.swift in Sources */ = {isa = PBXBuildFile; fileRef = CC9ECBBB2A5B5DDF00DC5C43 /* ModifierButtonView.swift */; };
		CC9ECBBF2A5B611700DC5C43 /* BoardSpaceView.swift in Sources */ = {isa = PBXBuildFile; fileRef = CC9ECBBE2A5B611700DC5C43 /* BoardSpaceView.swift */; };
		CC9ECBC12A5B61B100DC5C43 /* BoardView.swift in Sources */ = {isa = PBXBuildFile; fileRef = CC9ECBC02A5B61B100DC5C43 /* BoardView.swift */; };
		CC9ECBC32A5B640000DC5C43 /* BoardDataModel.swift in Sources */ = {isa = PBXBuildFile; fileRef = CC9ECBC22A5B640000DC5C43 /* BoardDataModel.swift */; };
		CC9ECBC62A5B672900DC5C43 /* BackgroundView.swift in Sources */ = {isa = PBXBuildFile; fileRef = CC9ECBC52A5B672900DC5C43 /* BackgroundView.swift */; };
		CC9ECBC82A5DB61A00DC5C43 /* SubmissionFunctions.swift in Sources */ = {isa = PBXBuildFile; fileRef = CC9ECBC72A5DB61900DC5C43 /* SubmissionFunctions.swift */; };
		CCBA0C3D2A5E16E300F5E378 /* WordleAnswers.swift in Sources */ = {isa = PBXBuildFile; fileRef = CCBA0C3C2A5E16E300F5E378 /* WordleAnswers.swift */; };
/* End PBXBuildFile section */

/* Begin PBXFileReference section */
		CC98623B2A61A65600CC3A8B /* WinView.swift */ = {isa = PBXFileReference; lastKnownFileType = sourcecode.swift; path = WinView.swift; sourceTree = "<group>"; };
		CC9ECBA22A5A21B000DC5C43 /* Prettier Worlde.app */ = {isa = PBXFileReference; explicitFileType = wrapper.application; includeInIndex = 0; path = "Prettier Worlde.app"; sourceTree = BUILT_PRODUCTS_DIR; };
		CC9ECBA52A5A21B000DC5C43 /* Prettier_WorldeApp.swift */ = {isa = PBXFileReference; lastKnownFileType = sourcecode.swift; path = Prettier_WorldeApp.swift; sourceTree = "<group>"; };
		CC9ECBA72A5A21B000DC5C43 /* ContentView.swift */ = {isa = PBXFileReference; lastKnownFileType = sourcecode.swift; path = ContentView.swift; sourceTree = "<group>"; };
		CC9ECBA92A5A21B000DC5C43 /* Assets.xcassets */ = {isa = PBXFileReference; lastKnownFileType = folder.assetcatalog; path = Assets.xcassets; sourceTree = "<group>"; };
		CC9ECBAC2A5A21B000DC5C43 /* Preview Assets.xcassets */ = {isa = PBXFileReference; lastKnownFileType = folder.assetcatalog; path = "Preview Assets.xcassets"; sourceTree = "<group>"; };
		CC9ECBB42A5A21E600DC5C43 /* KeysDataModel.swift */ = {isa = PBXFileReference; lastKnownFileType = sourcecode.swift; path = KeysDataModel.swift; sourceTree = "<group>"; };
		CC9ECBB72A5A23A300DC5C43 /* KeyboardView.swift */ = {isa = PBXFileReference; lastKnownFileType = sourcecode.swift; path = KeyboardView.swift; sourceTree = "<group>"; };
		CC9ECBB92A5A27A100DC5C43 /* KeyButtonView.swift */ = {isa = PBXFileReference; lastKnownFileType = sourcecode.swift; path = KeyButtonView.swift; sourceTree = "<group>"; };
		CC9ECBBB2A5B5DDF00DC5C43 /* ModifierButtonView.swift */ = {isa = PBXFileReference; lastKnownFileType = sourcecode.swift; path = ModifierButtonView.swift; sourceTree = "<group>"; };
		CC9ECBBE2A5B611700DC5C43 /* BoardSpaceView.swift */ = {isa = PBXFileReference; lastKnownFileType = sourcecode.swift; path = BoardSpaceView.swift; sourceTree = "<group>"; };
		CC9ECBC02A5B61B100DC5C43 /* BoardView.swift */ = {isa = PBXFileReference; lastKnownFileType = sourcecode.swift; path = BoardView.swift; sourceTree = "<group>"; };
		CC9ECBC22A5B640000DC5C43 /* BoardDataModel.swift */ = {isa = PBXFileReference; lastKnownFileType = sourcecode.swift; path = BoardDataModel.swift; sourceTree = "<group>"; };
		CC9ECBC52A5B672900DC5C43 /* BackgroundView.swift */ = {isa = PBXFileReference; lastKnownFileType = sourcecode.swift; path = BackgroundView.swift; sourceTree = "<group>"; };
		CC9ECBC72A5DB61900DC5C43 /* SubmissionFunctions.swift */ = {isa = PBXFileReference; lastKnownFileType = sourcecode.swift; path = SubmissionFunctions.swift; sourceTree = "<group>"; };
		CCBA0C3C2A5E16E300F5E378 /* WordleAnswers.swift */ = {isa = PBXFileReference; lastKnownFileType = sourcecode.swift; path = WordleAnswers.swift; sourceTree = "<group>"; };
/* End PBXFileReference section */

/* Begin PBXFrameworksBuildPhase section */
		CC9ECB9F2A5A21B000DC5C43 /* Frameworks */ = {
			isa = PBXFrameworksBuildPhase;
			buildActionMask = 2147483647;
			files = (
			);
			runOnlyForDeploymentPostprocessing = 0;
		};
/* End PBXFrameworksBuildPhase section */

/* Begin PBXGroup section */
		CC98623A2A61A64200CC3A8B /* Win State */ = {
			isa = PBXGroup;
			children = (
				CC98623B2A61A65600CC3A8B /* WinView.swift */,
			);
			path = "Win State";
			sourceTree = "<group>";
		};
		CC9ECB992A5A21B000DC5C43 = {
			isa = PBXGroup;
			children = (
				CC9ECBA42A5A21B000DC5C43 /* Prettier Worlde */,
				CC9ECBA32A5A21B000DC5C43 /* Products */,
			);
			sourceTree = "<group>";
		};
		CC9ECBA32A5A21B000DC5C43 /* Products */ = {
			isa = PBXGroup;
			children = (
				CC9ECBA22A5A21B000DC5C43 /* Prettier Worlde.app */,
			);
			name = Products;
			sourceTree = "<group>";
		};
		CC9ECBA42A5A21B000DC5C43 /* Prettier Worlde */ = {
			isa = PBXGroup;
			children = (
				CC9ECBA52A5A21B000DC5C43 /* Prettier_WorldeApp.swift */,
				CC9ECBA72A5A21B000DC5C43 /* ContentView.swift */,
				CC98623A2A61A64200CC3A8B /* Win State */,
				CC9ECBC42A5B671700DC5C43 /* Background */,
				CC9ECBBD2A5B610100DC5C43 /* Board */,
				CC9ECBB62A5A239000DC5C43 /* Keyboard */,
				CC9ECBB32A5A21CF00DC5C43 /* Data Models */,
				CC9ECBA92A5A21B000DC5C43 /* Assets.xcassets */,
				CC9ECBAB2A5A21B000DC5C43 /* Preview Content */,
			);
			path = "Prettier Worlde";
			sourceTree = "<group>";
		};
		CC9ECBAB2A5A21B000DC5C43 /* Preview Content */ = {
			isa = PBXGroup;
			children = (
				CC9ECBAC2A5A21B000DC5C43 /* Preview Assets.xcassets */,
			);
			path = "Preview Content";
			sourceTree = "<group>";
		};
		CC9ECBB32A5A21CF00DC5C43 /* Data Models */ = {
			isa = PBXGroup;
			children = (
				CC9ECBB42A5A21E600DC5C43 /* KeysDataModel.swift */,
				CC9ECBC22A5B640000DC5C43 /* BoardDataModel.swift */,
				CC9ECBC72A5DB61900DC5C43 /* SubmissionFunctions.swift */,
				CCBA0C3C2A5E16E300F5E378 /* WordleAnswers.swift */,
			);
			path = "Data Models";
			sourceTree = "<group>";
		};
		CC9ECBB62A5A239000DC5C43 /* Keyboard */ = {
			isa = PBXGroup;
			children = (
				CC9ECBB72A5A23A300DC5C43 /* KeyboardView.swift */,
				CC9ECBB92A5A27A100DC5C43 /* KeyButtonView.swift */,
				CC9ECBBB2A5B5DDF00DC5C43 /* ModifierButtonView.swift */,
			);
			path = Keyboard;
			sourceTree = "<group>";
		};
		CC9ECBBD2A5B610100DC5C43 /* Board */ = {
			isa = PBXGroup;
			children = (
				CC9ECBBE2A5B611700DC5C43 /* BoardSpaceView.swift */,
				CC9ECBC02A5B61B100DC5C43 /* BoardView.swift */,
			);
			path = Board;
			sourceTree = "<group>";
		};
		CC9ECBC42A5B671700DC5C43 /* Background */ = {
			isa = PBXGroup;
			children = (
				CC9ECBC52A5B672900DC5C43 /* BackgroundView.swift */,
			);
			path = Background;
			sourceTree = "<group>";
		};
/* End PBXGroup section */

/* Begin PBXNativeTarget section */
		CC9ECBA12A5A21B000DC5C43 /* Prettier Worlde */ = {
			isa = PBXNativeTarget;
			buildConfigurationList = CC9ECBB02A5A21B000DC5C43 /* Build configuration list for PBXNativeTarget "Prettier Worlde" */;
			buildPhases = (
				CC9ECB9E2A5A21B000DC5C43 /* Sources */,
				CC9ECB9F2A5A21B000DC5C43 /* Frameworks */,
				CC9ECBA02A5A21B000DC5C43 /* Resources */,
			);
			buildRules = (
			);
			dependencies = (
			);
			name = "Prettier Worlde";
			productName = "Prettier Worlde";
			productReference = CC9ECBA22A5A21B000DC5C43 /* Prettier Worlde.app */;
			productType = "com.apple.product-type.application";
		};
/* End PBXNativeTarget section */

/* Begin PBXProject section */
		CC9ECB9A2A5A21B000DC5C43 /* Project object */ = {
			isa = PBXProject;
			attributes = {
				BuildIndependentTargetsInParallel = 1;
				LastSwiftUpdateCheck = 1500;
				LastUpgradeCheck = 1500;
				TargetAttributes = {
					CC9ECBA12A5A21B000DC5C43 = {
						CreatedOnToolsVersion = 15.0;
					};
				};
			};
			buildConfigurationList = CC9ECB9D2A5A21B000DC5C43 /* Build configuration list for PBXProject "Prettier Worlde" */;
			compatibilityVersion = "Xcode 14.0";
			developmentRegion = en;
			hasScannedForEncodings = 0;
			knownRegions = (
				en,
				Base,
			);
			mainGroup = CC9ECB992A5A21B000DC5C43;
			productRefGroup = CC9ECBA32A5A21B000DC5C43 /* Products */;
			projectDirPath = "";
			projectRoot = "";
			targets = (
				CC9ECBA12A5A21B000DC5C43 /* Prettier Worlde */,
			);
		};
/* End PBXProject section */

/* Begin PBXResourcesBuildPhase section */
		CC9ECBA02A5A21B000DC5C43 /* Resources */ = {
			isa = PBXResourcesBuildPhase;
			buildActionMask = 2147483647;
			files = (
				CC9ECBAD2A5A21B000DC5C43 /* Preview Assets.xcassets in Resources */,
				CC9ECBAA2A5A21B000DC5C43 /* Assets.xcassets in Resources */,
			);
			runOnlyForDeploymentPostprocessing = 0;
		};
/* End PBXResourcesBuildPhase section */

/* Begin PBXSourcesBuildPhase section */
		CC9ECB9E2A5A21B000DC5C43 /* Sources */ = {
			isa = PBXSourcesBuildPhase;
			buildActionMask = 2147483647;
			files = (
				CC9ECBC82A5DB61A00DC5C43 /* SubmissionFunctions.swift in Sources */,
				CC98623C2A61A65600CC3A8B /* WinView.swift in Sources */,
				CC9ECBC62A5B672900DC5C43 /* BackgroundView.swift in Sources */,
				CC9ECBBF2A5B611700DC5C43 /* BoardSpaceView.swift in Sources */,
				CC9ECBA82A5A21B000DC5C43 /* ContentView.swift in Sources */,
				CC9ECBBC2A5B5DDF00DC5C43 /* ModifierButtonView.swift in Sources */,
				CC9ECBB82A5A23A300DC5C43 /* KeyboardView.swift in Sources */,
				CC9ECBC32A5B640000DC5C43 /* BoardDataModel.swift in Sources */,
				CC9ECBA62A5A21B000DC5C43 /* Prettier_WorldeApp.swift in Sources */,
				CC9ECBC12A5B61B100DC5C43 /* BoardView.swift in Sources */,
				CC9ECBBA2A5A27A100DC5C43 /* KeyButtonView.swift in Sources */,
				CCBA0C3D2A5E16E300F5E378 /* WordleAnswers.swift in Sources */,
				CC9ECBB52A5A21E600DC5C43 /* KeysDataModel.swift in Sources */,
			);
			runOnlyForDeploymentPostprocessing = 0;
		};
/* End PBXSourcesBuildPhase section */

/* Begin XCBuildConfiguration section */
		CC9ECBAE2A5A21B000DC5C43 /* Debug */ = {
			isa = XCBuildConfiguration;
			buildSettings = {
				ALWAYS_SEARCH_USER_PATHS = NO;
				ASSETCATALOG_COMPILER_GENERATE_SWIFT_ASSET_SYMBOL_EXTENSIONS = YES;
				CLANG_ANALYZER_NONNULL = YES;
				CLANG_ANALYZER_NUMBER_OBJECT_CONVERSION = YES_AGGRESSIVE;
				CLANG_CXX_LANGUAGE_STANDARD = "gnu++20";
				CLANG_ENABLE_MODULES = YES;
				CLANG_ENABLE_OBJC_ARC = YES;
				CLANG_ENABLE_OBJC_WEAK = YES;
				CLANG_WARN_BLOCK_CAPTURE_AUTORELEASING = YES;
				CLANG_WARN_BOOL_CONVERSION = YES;
				CLANG_WARN_COMMA = YES;
				CLANG_WARN_CONSTANT_CONVERSION = YES;
				CLANG_WARN_DEPRECATED_OBJC_IMPLEMENTATIONS = YES;
				CLANG_WARN_DIRECT_OBJC_ISA_USAGE = YES_ERROR;
				CLANG_WARN_DOCUMENTATION_COMMENTS = YES;
				CLANG_WARN_EMPTY_BODY = YES;
				CLANG_WARN_ENUM_CONVERSION = YES;
				CLANG_WARN_INFINITE_RECURSION = YES;
				CLANG_WARN_INT_CONVERSION = YES;
				CLANG_WARN_NON_LITERAL_NULL_CONVERSION = YES;
				CLANG_WARN_OBJC_IMPLICIT_RETAIN_SELF = YES;
				CLANG_WARN_OBJC_LITERAL_CONVERSION = YES;
				CLANG_WARN_OBJC_ROOT_CLASS = YES_ERROR;
				CLANG_WARN_QUOTED_INCLUDE_IN_FRAMEWORK_HEADER = YES;
				CLANG_WARN_RANGE_LOOP_ANALYSIS = YES;
				CLANG_WARN_STRICT_PROTOTYPES = YES;
				CLANG_WARN_SUSPICIOUS_MOVE = YES;
				CLANG_WARN_UNGUARDED_AVAILABILITY = YES_AGGRESSIVE;
				CLANG_WARN_UNREACHABLE_CODE = YES;
				CLANG_WARN__DUPLICATE_METHOD_MATCH = YES;
				COPY_PHASE_STRIP = NO;
				DEBUG_INFORMATION_FORMAT = dwarf;
				ENABLE_STRICT_OBJC_MSGSEND = YES;
				ENABLE_TESTABILITY = YES;
				ENABLE_USER_SCRIPT_SANDBOXING = YES;
				GCC_C_LANGUAGE_STANDARD = gnu17;
				GCC_DYNAMIC_NO_PIC = NO;
				GCC_NO_COMMON_BLOCKS = YES;
				GCC_OPTIMIZATION_LEVEL = 0;
				GCC_PREPROCESSOR_DEFINITIONS = (
					"DEBUG=1",
					"$(inherited)",
				);
				GCC_WARN_64_TO_32_BIT_CONVERSION = YES;
				GCC_WARN_ABOUT_RETURN_TYPE = YES_ERROR;
				GCC_WARN_UNDECLARED_SELECTOR = YES;
				GCC_WARN_UNINITIALIZED_AUTOS = YES_AGGRESSIVE;
				GCC_WARN_UNUSED_FUNCTION = YES;
				GCC_WARN_UNUSED_VARIABLE = YES;
				IPHONEOS_DEPLOYMENT_TARGET = 17.0;
				LOCALIZATION_PREFERS_STRING_CATALOGS = YES;
				MTL_ENABLE_DEBUG_INFO = INCLUDE_SOURCE;
				MTL_FAST_MATH = YES;
				ONLY_ACTIVE_ARCH = YES;
				SDKROOT = iphoneos;
				SWIFT_ACTIVE_COMPILATION_CONDITIONS = "DEBUG $(inherited)";
				SWIFT_OPTIMIZATION_LEVEL = "-Onone";
			};
			name = Debug;
		};
		CC9ECBAF2A5A21B000DC5C43 /* Release */ = {
			isa = XCBuildConfiguration;
			buildSettings = {
				ALWAYS_SEARCH_USER_PATHS = NO;
				ASSETCATALOG_COMPILER_GENERATE_SWIFT_ASSET_SYMBOL_EXTENSIONS = YES;
				CLANG_ANALYZER_NONNULL = YES;
				CLANG_ANALYZER_NUMBER_OBJECT_CONVERSION = YES_AGGRESSIVE;
				CLANG_CXX_LANGUAGE_STANDARD = "gnu++20";
				CLANG_ENABLE_MODULES = YES;
				CLANG_ENABLE_OBJC_ARC = YES;
				CLANG_ENABLE_OBJC_WEAK = YES;
				CLANG_WARN_BLOCK_CAPTURE_AUTORELEASING = YES;
				CLANG_WARN_BOOL_CONVERSION = YES;
				CLANG_WARN_COMMA = YES;
				CLANG_WARN_CONSTANT_CONVERSION = YES;
				CLANG_WARN_DEPRECATED_OBJC_IMPLEMENTATIONS = YES;
				CLANG_WARN_DIRECT_OBJC_ISA_USAGE = YES_ERROR;
				CLANG_WARN_DOCUMENTATION_COMMENTS = YES;
				CLANG_WARN_EMPTY_BODY = YES;
				CLANG_WARN_ENUM_CONVERSION = YES;
				CLANG_WARN_INFINITE_RECURSION = YES;
				CLANG_WARN_INT_CONVERSION = YES;
				CLANG_WARN_NON_LITERAL_NULL_CONVERSION = YES;
				CLANG_WARN_OBJC_IMPLICIT_RETAIN_SELF = YES;
				CLANG_WARN_OBJC_LITERAL_CONVERSION = YES;
				CLANG_WARN_OBJC_ROOT_CLASS = YES_ERROR;
				CLANG_WARN_QUOTED_INCLUDE_IN_FRAMEWORK_HEADER = YES;
				CLANG_WARN_RANGE_LOOP_ANALYSIS = YES;
				CLANG_WARN_STRICT_PROTOTYPES = YES;
				CLANG_WARN_SUSPICIOUS_MOVE = YES;
				CLANG_WARN_UNGUARDED_AVAILABILITY = YES_AGGRESSIVE;
				CLANG_WARN_UNREACHABLE_CODE = YES;
				CLANG_WARN__DUPLICATE_METHOD_MATCH = YES;
				COPY_PHASE_STRIP = NO;
				DEBUG_INFORMATION_FORMAT = "dwarf-with-dsym";
				ENABLE_NS_ASSERTIONS = NO;
				ENABLE_STRICT_OBJC_MSGSEND = YES;
				ENABLE_USER_SCRIPT_SANDBOXING = YES;
				GCC_C_LANGUAGE_STANDARD = gnu17;
				GCC_NO_COMMON_BLOCKS = YES;
				GCC_WARN_64_TO_32_BIT_CONVERSION = YES;
				GCC_WARN_ABOUT_RETURN_TYPE = YES_ERROR;
				GCC_WARN_UNDECLARED_SELECTOR = YES;
				GCC_WARN_UNINITIALIZED_AUTOS = YES_AGGRESSIVE;
				GCC_WARN_UNUSED_FUNCTION = YES;
				GCC_WARN_UNUSED_VARIABLE = YES;
				IPHONEOS_DEPLOYMENT_TARGET = 17.0;
				LOCALIZATION_PREFERS_STRING_CATALOGS = YES;
				MTL_ENABLE_DEBUG_INFO = NO;
				MTL_FAST_MATH = YES;
				SDKROOT = iphoneos;
				SWIFT_COMPILATION_MODE = wholemodule;
				VALIDATE_PRODUCT = YES;
			};
			name = Release;
		};
		CC9ECBB12A5A21B000DC5C43 /* Debug */ = {
			isa = XCBuildConfiguration;
			buildSettings = {
				ASSETCATALOG_COMPILER_APPICON_NAME = AppIcon;
				ASSETCATALOG_COMPILER_GLOBAL_ACCENT_COLOR_NAME = AccentColor;
				CODE_SIGN_STYLE = Automatic;
				CURRENT_PROJECT_VERSION = 1;
				DEVELOPMENT_ASSET_PATHS = "\"Prettier Worlde/Preview Content\"";
				DEVELOPMENT_TEAM = T9656MJCYL;
				ENABLE_PREVIEWS = YES;
				GENERATE_INFOPLIST_FILE = YES;
				INFOPLIST_KEY_UIApplicationSceneManifest_Generation = YES;
				INFOPLIST_KEY_UIApplicationSupportsIndirectInputEvents = YES;
				INFOPLIST_KEY_UILaunchScreen_Generation = YES;
				INFOPLIST_KEY_UISupportedInterfaceOrientations_iPad = "UIInterfaceOrientationPortrait UIInterfaceOrientationPortraitUpsideDown UIInterfaceOrientationLandscapeLeft UIInterfaceOrientationLandscapeRight";
				INFOPLIST_KEY_UISupportedInterfaceOrientations_iPhone = "UIInterfaceOrientationPortrait UIInterfaceOrientationLandscapeLeft UIInterfaceOrientationLandscapeRight";
				LD_RUNPATH_SEARCH_PATHS = (
					"$(inherited)",
					"@executable_path/Frameworks",
				);
				MARKETING_VERSION = 1.0;
				PRODUCT_BUNDLE_IDENTIFIER = "langtowl.Prettier-Worlde";
				PRODUCT_NAME = "$(TARGET_NAME)";
				SWIFT_EMIT_LOC_STRINGS = YES;
				SWIFT_VERSION = 5.0;
				TARGETED_DEVICE_FAMILY = "1,2";
			};
			name = Debug;
		};
		CC9ECBB22A5A21B000DC5C43 /* Release */ = {
			isa = XCBuildConfiguration;
			buildSettings = {
				ASSETCATALOG_COMPILER_APPICON_NAME = AppIcon;
				ASSETCATALOG_COMPILER_GLOBAL_ACCENT_COLOR_NAME = AccentColor;
				CODE_SIGN_STYLE = Automatic;
				CURRENT_PROJECT_VERSION = 1;
				DEVELOPMENT_ASSET_PATHS = "\"Prettier Worlde/Preview Content\"";
				DEVELOPMENT_TEAM = T9656MJCYL;
				ENABLE_PREVIEWS = YES;
				GENERATE_INFOPLIST_FILE = YES;
				INFOPLIST_KEY_UIApplicationSceneManifest_Generation = YES;
				INFOPLIST_KEY_UIApplicationSupportsIndirectInputEvents = YES;
				INFOPLIST_KEY_UILaunchScreen_Generation = YES;
				INFOPLIST_KEY_UISupportedInterfaceOrientations_iPad = "UIInterfaceOrientationPortrait UIInterfaceOrientationPortraitUpsideDown UIInterfaceOrientationLandscapeLeft UIInterfaceOrientationLandscapeRight";
				INFOPLIST_KEY_UISupportedInterfaceOrientations_iPhone = "UIInterfaceOrientationPortrait UIInterfaceOrientationLandscapeLeft UIInterfaceOrientationLandscapeRight";
				LD_RUNPATH_SEARCH_PATHS = (
					"$(inherited)",
					"@executable_path/Frameworks",
				);
				MARKETING_VERSION = 1.0;
				PRODUCT_BUNDLE_IDENTIFIER = "langtowl.Prettier-Worlde";
				PRODUCT_NAME = "$(TARGET_NAME)";
				SWIFT_EMIT_LOC_STRINGS = YES;
				SWIFT_VERSION = 5.0;
				TARGETED_DEVICE_FAMILY = "1,2";
			};
			name = Release;
		};
/* End XCBuildConfiguration section */

/* Begin XCConfigurationList section */
		CC9ECB9D2A5A21B000DC5C43 /* Build configuration list for PBXProject "Prettier Worlde" */ = {
			isa = XCConfigurationList;
			buildConfigurations = (
				CC9ECBAE2A5A21B000DC5C43 /* Debug */,
				CC9ECBAF2A5A21B000DC5C43 /* Release */,
			);
			defaultConfigurationIsVisible = 0;
			defaultConfigurationName = Release;
		};
		CC9ECBB02A5A21B000DC5C43 /* Build configuration list for PBXNativeTarget "Prettier Worlde" */ = {
			isa = XCConfigurationList;
			buildConfigurations = (
				CC9ECBB12A5A21B000DC5C43 /* Debug */,
				CC9ECBB22A5A21B000DC5C43 /* Release */,
			);
			defaultConfigurationIsVisible = 0;
			defaultConfigurationName = Release;
		};
/* End XCConfigurationList section */
	};
	rootObject = CC9ECB9A2A5A21B000DC5C43 /* Project object */;
}
